
Microsoft Visual Studio Solution File, Format Version 12.00
# Visual Studio Version 17
VisualStudioVersion = 17.1.32414.318
MinimumVisualStudioVersion = 10.0.40219.1
Project("{FAE04EC0-301F-11D3-BF4B-00C04F79EFBC}") = "Projeto1_Prova_Djalma", "Projeto1_Prova_Djalma\Projeto1_Prova_Djalma.csproj", "{3BD0B2D4-0618-4C8C-AC0A-D03CB0547137}"
EndProject
Global
	GlobalSection(SolutionConfigurationPlatforms) = preSolution
		Debug|Any CPU = Debug|Any CPU
		Release|Any CPU = Release|Any CPU
	EndGlobalSection
	GlobalSection(ProjectConfigurationPlatforms) = postSolution
		{3BD0B2D4-0618-4C8C-AC0A-D03CB0547137}.Debug|Any CPU.ActiveCfg = Debug|Any CPU
		{3BD0B2D4-0618-4C8C-AC0A-D03CB0547137}.Debug|Any CPU.Build.0 = Debug|Any CPU
		{3BD0B2D4-0618-4C8C-AC0A-D03CB0547137}.Release|Any CPU.ActiveCfg = Release|Any CPU
		{3BD0B2D4-0618-4C8C-AC0A-D03CB0547137}.Release|Any CPU.Build.0 = Release|Any CPU
	EndGlobalSection
	GlobalSection(SolutionProperties) = preSolution
		HideSolutionNode = FALSE
	EndGlobalSection
	GlobalSection(ExtensibilityGlobals) = postSolution
		SolutionGuid = {069D2A95-BD32-4644-A831-EC8A48325AF9}
	EndGlobalSection
EndGlobal
